
Microsoft Visual Studio Solution File, Format Version 12.00
# Visual Studio Version 17
VisualStudioVersion = 17.4.33205.214
MinimumVisualStudioVersion = 10.0.40219.1
Project("{FAE04EC0-301F-11D3-BF4B-00C04F79EFBC}") = "WebApplication11", "WebApplication11\WebApplication11.csproj", "{2D39D00F-2B53-4AAE-A665-58490C5F7665}"
EndProject
Global
	GlobalSection(SolutionConfigurationPlatforms) = preSolution
		Debug|Any CPU = Debug|Any CPU
		Release|Any CPU = Release|Any CPU
	EndGlobalSection
	GlobalSection(ProjectConfigurationPlatforms) = postSolution
		{2D39D00F-2B53-4AAE-A665-58490C5F7665}.Debug|Any CPU.ActiveCfg = Debug|Any CPU
		{2D39D00F-2B53-4AAE-A665-58490C5F7665}.Debug|Any CPU.Build.0 = Debug|Any CPU
		{2D39D00F-2B53-4AAE-A665-58490C5F7665}.Release|Any CPU.ActiveCfg = Release|Any CPU
		{2D39D00F-2B53-4AAE-A665-58490C5F7665}.Release|Any CPU.Build.0 = Release|Any CPU
	EndGlobalSection
	GlobalSection(SolutionProperties) = preSolution
		HideSolutionNode = FALSE
	EndGlobalSection
	GlobalSection(ExtensibilityGlobals) = postSolution
		SolutionGuid = {94D8B912-64AF-4E6F-9B4D-CFB7CA51ACA0}
	EndGlobalSection
EndGlobal
